
Microsoft Visual Studio Solution File, Format Version 12.00
# Visual Studio Version 16
VisualStudioVersion = 16.0.29230.47
MinimumVisualStudioVersion = 10.0.40219.1
Project("{9A19103F-16F7-4668-BE54-9A1E7A4F7556}") = "CafeCaspian", "CafeCaspian\CafeCaspian.csproj", "{A5F6213B-9789-40F9-A5E2-3D959C42954D}"
EndProject
Project("{FAE04EC0-301F-11D3-BF4B-00C04F79EFBC}") = "CafeCaspianTests", "CafeCaspianTests\CafeCaspianTests.csproj", "{4CFB1AAF-C2D3-4751-BFA7-91C9356AD287}"
EndProject
Global
	GlobalSection(SolutionConfigurationPlatforms) = preSolution
		Debug|Any CPU = Debug|Any CPU
		Release|Any CPU = Release|Any CPU
	EndGlobalSection
	GlobalSection(ProjectConfigurationPlatforms) = postSolution
		{A5F6213B-9789-40F9-A5E2-3D959C42954D}.Debug|Any CPU.ActiveCfg = Debug|Any CPU
		{A5F6213B-9789-40F9-A5E2-3D959C42954D}.Debug|Any CPU.Build.0 = Debug|Any CPU
		{A5F6213B-9789-40F9-A5E2-3D959C42954D}.Release|Any CPU.ActiveCfg = Release|Any CPU
		{A5F6213B-9789-40F9-A5E2-3D959C42954D}.Release|Any CPU.Build.0 = Release|Any CPU
		{4CFB1AAF-C2D3-4751-BFA7-91C9356AD287}.Debug|Any CPU.ActiveCfg = Debug|Any CPU
		{4CFB1AAF-C2D3-4751-BFA7-91C9356AD287}.Debug|Any CPU.Build.0 = Debug|Any CPU
		{4CFB1AAF-C2D3-4751-BFA7-91C9356AD287}.Release|Any CPU.ActiveCfg = Release|Any CPU
		{4CFB1AAF-C2D3-4751-BFA7-91C9356AD287}.Release|Any CPU.Build.0 = Release|Any CPU
	EndGlobalSection
	GlobalSection(SolutionProperties) = preSolution
		HideSolutionNode = FALSE
	EndGlobalSection
	GlobalSection(ExtensibilityGlobals) = postSolution
		SolutionGuid = {B5BF2971-24D8-4006-A442-7E1A3ED8FAA9}
	EndGlobalSection
EndGlobal
